// !$*UTF8*$!
{
	archiveVersion = 1;
	classes = {
	};
	objectVersion = 56;
	objects = {

/* Begin PBXBuildFile section */
		136ACB682A92A8FA0031E598 /* AppDelegate.swift in Sources */ = {isa = PBXBuildFile; fileRef = 136ACB672A92A8FA0031E598 /* AppDelegate.swift */; };
		136ACB6A2A92A8FA0031E598 /* SceneDelegate.swift in Sources */ = {isa = PBXBuildFile; fileRef = 136ACB692A92A8FA0031E598 /* SceneDelegate.swift */; };
		136ACB6F2A92A8FA0031E598 /* Main.storyboard in Resources */ = {isa = PBXBuildFile; fileRef = 136ACB6D2A92A8FA0031E598 /* Main.storyboard */; };
		136ACB712A92A8FB0031E598 /* Assets.xcassets in Resources */ = {isa = PBXBuildFile; fileRef = 136ACB702A92A8FB0031E598 /* Assets.xcassets */; };
		136ACB742A92A8FB0031E598 /* LaunchScreen.storyboard in Resources */ = {isa = PBXBuildFile; fileRef = 136ACB722A92A8FB0031E598 /* LaunchScreen.storyboard */; };
		136ACB7F2A92B7C50031E598 /* FirstVC.swift in Sources */ = {isa = PBXBuildFile; fileRef = 136ACB7E2A92B7C50031E598 /* FirstVC.swift */; };
		136ACB812A92B7EB0031E598 /* SecondVC.swift in Sources */ = {isa = PBXBuildFile; fileRef = 136ACB802A92B7EB0031E598 /* SecondVC.swift */; };
/* End PBXBuildFile section */

/* Begin PBXFileReference section */
		136ACB642A92A8FA0031E598 /* HW14NavigationApp.app */ = {isa = PBXFileReference; explicitFileType = wrapper.application; includeInIndex = 0; path = HW14NavigationApp.app; sourceTree = BUILT_PRODUCTS_DIR; };
		136ACB672A92A8FA0031E598 /* AppDelegate.swift */ = {isa = PBXFileReference; lastKnownFileType = sourcecode.swift; path = AppDelegate.swift; sourceTree = "<group>"; };
		136ACB692A92A8FA0031E598 /* SceneDelegate.swift */ = {isa = PBXFileReference; lastKnownFileType = sourcecode.swift; path = SceneDelegate.swift; sourceTree = "<group>"; };
		136ACB6E2A92A8FA0031E598 /* Base */ = {isa = PBXFileReference; lastKnownFileType = file.storyboard; name = Base; path = Base.lproj/Main.storyboard; sourceTree = "<group>"; };
		136ACB702A92A8FB0031E598 /* Assets.xcassets */ = {isa = PBXFileReference; lastKnownFileType = folder.assetcatalog; path = Assets.xcassets; sourceTree = "<group>"; };
		136ACB732A92A8FB0031E598 /* Base */ = {isa = PBXFileReference; lastKnownFileType = file.storyboard; name = Base; path = Base.lproj/LaunchScreen.storyboard; sourceTree = "<group>"; };
		136ACB752A92A8FB0031E598 /* Info.plist */ = {isa = PBXFileReference; lastKnownFileType = text.plist.xml; path = Info.plist; sourceTree = "<group>"; };
		136ACB7E2A92B7C50031E598 /* FirstVC.swift */ = {isa = PBXFileReference; lastKnownFileType = sourcecode.swift; path = FirstVC.swift; sourceTree = "<group>"; };
		136ACB802A92B7EB0031E598 /* SecondVC.swift */ = {isa = PBXFileReference; lastKnownFileType = sourcecode.swift; path = SecondVC.swift; sourceTree = "<group>"; };
/* End PBXFileReference section */

/* Begin PBXFrameworksBuildPhase section */
		136ACB612A92A8FA0031E598 /* Frameworks */ = {
			isa = PBXFrameworksBuildPhase;
			buildActionMask = 2147483647;
			files = (
			);
			runOnlyForDeploymentPostprocessing = 0;
		};
/* End PBXFrameworksBuildPhase section */

/* Begin PBXGroup section */
		136ACB5B2A92A8FA0031E598 = {
			isa = PBXGroup;
			children = (
				136ACB662A92A8FA0031E598 /* HW14NavigationApp */,
				136ACB652A92A8FA0031E598 /* Products */,
			);
			sourceTree = "<group>";
		};
		136ACB652A92A8FA0031E598 /* Products */ = {
			isa = PBXGroup;
			children = (
				136ACB642A92A8FA0031E598 /* HW14NavigationApp.app */,
			);
			name = Products;
			sourceTree = "<group>";
		};
		136ACB662A92A8FA0031E598 /* HW14NavigationApp */ = {
			isa = PBXGroup;
			children = (
				136ACB7D2A92AA0B0031E598 /* Controllers */,
				136ACB7C2A92A9EE0031E598 /* Views */,
				136ACB702A92A8FB0031E598 /* Assets.xcassets */,
				136ACB752A92A8FB0031E598 /* Info.plist */,
				136ACB7B2A92A9C70031E598 /* AppDelegate */,
			);
			path = HW14NavigationApp;
			sourceTree = "<group>";
		};
		136ACB7B2A92A9C70031E598 /* AppDelegate */ = {
			isa = PBXGroup;
			children = (
				136ACB692A92A8FA0031E598 /* SceneDelegate.swift */,
				136ACB672A92A8FA0031E598 /* AppDelegate.swift */,
			);
			path = AppDelegate;
			sourceTree = "<group>";
		};
		136ACB7C2A92A9EE0031E598 /* Views */ = {
			isa = PBXGroup;
			children = (
				136ACB6D2A92A8FA0031E598 /* Main.storyboard */,
				136ACB722A92A8FB0031E598 /* LaunchScreen.storyboard */,
			);
			path = Views;
			sourceTree = "<group>";
		};
		136ACB7D2A92AA0B0031E598 /* Controllers */ = {
			isa = PBXGroup;
			children = (
				136ACB7E2A92B7C50031E598 /* FirstVC.swift */,
				136ACB802A92B7EB0031E598 /* SecondVC.swift */,
			);
			path = Controllers;
			sourceTree = "<group>";
		};
/* End PBXGroup section */

/* Begin PBXNativeTarget section */
		136ACB632A92A8FA0031E598 /* HW14NavigationApp */ = {
			isa = PBXNativeTarget;
			buildConfigurationList = 136ACB782A92A8FB0031E598 /* Build configuration list for PBXNativeTarget "HW14NavigationApp" */;
			buildPhases = (
				136ACB602A92A8FA0031E598 /* Sources */,
				136ACB612A92A8FA0031E598 /* Frameworks */,
				136ACB622A92A8FA0031E598 /* Resources */,
			);
			buildRules = (
			);
			dependencies = (
			);
			name = HW14NavigationApp;
			productName = HW14NavigationApp;
			productReference = 136ACB642A92A8FA0031E598 /* HW14NavigationApp.app */;
			productType = "com.apple.product-type.application";
		};
/* End PBXNativeTarget section */

/* Begin PBXProject section */
		136ACB5C2A92A8FA0031E598 /* Project object */ = {
			isa = PBXProject;
			attributes = {
				BuildIndependentTargetsInParallel = 1;
				LastSwiftUpdateCheck = 1430;
				LastUpgradeCheck = 1430;
				TargetAttributes = {
					136ACB632A92A8FA0031E598 = {
						CreatedOnToolsVersion = 14.3.1;
					};
				};
			};
			buildConfigurationList = 136ACB5F2A92A8FA0031E598 /* Build configuration list for PBXProject "HW14NavigationApp" */;
			compatibilityVersion = "Xcode 14.0";
			developmentRegion = en;
			hasScannedForEncodings = 0;
			knownRegions = (
				en,
				Base,
			);
			mainGroup = 136ACB5B2A92A8FA0031E598;
			productRefGroup = 136ACB652A92A8FA0031E598 /* Products */;
			projectDirPath = "";
			projectRoot = "";
			targets = (
				136ACB632A92A8FA0031E598 /* HW14NavigationApp */,
			);
		};
/* End PBXProject section */

/* Begin PBXResourcesBuildPhase section */
		136ACB622A92A8FA0031E598 /* Resources */ = {
			isa = PBXResourcesBuildPhase;
			buildActionMask = 2147483647;
			files = (
				136ACB742A92A8FB0031E598 /* LaunchScreen.storyboard in Resources */,
				136ACB712A92A8FB0031E598 /* Assets.xcassets in Resources */,
				136ACB6F2A92A8FA0031E598 /* Main.storyboard in Resources */,
			);
			runOnlyForDeploymentPostprocessing = 0;
		};
/* End PBXResourcesBuildPhase section */

/* Begin PBXSourcesBuildPhase section */
		136ACB602A92A8FA0031E598 /* Sources */ = {
			isa = PBXSourcesBuildPhase;
			buildActionMask = 2147483647;
			files = (
				136ACB682A92A8FA0031E598 /* AppDelegate.swift in Sources */,
				136ACB7F2A92B7C50031E598 /* FirstVC.swift in Sources */,
				136ACB812A92B7EB0031E598 /* SecondVC.swift in Sources */,
				136ACB6A2A92A8FA0031E598 /* SceneDelegate.swift in Sources */,
			);
			runOnlyForDeploymentPostprocessing = 0;
		};
/* End PBXSourcesBuildPhase section */

/* Begin PBXVariantGroup section */
		136ACB6D2A92A8FA0031E598 /* Main.storyboard */ = {
			isa = PBXVariantGroup;
			children = (
				136ACB6E2A92A8FA0031E598 /* Base */,
			);
			name = Main.storyboard;
			sourceTree = "<group>";
		};
		136ACB722A92A8FB0031E598 /* LaunchScreen.storyboard */ = {
			isa = PBXVariantGroup;
			children = (
				136ACB732A92A8FB0031E598 /* Base */,
			);
			name = LaunchScreen.storyboard;
			sourceTree = "<group>";
		};
/* End PBXVariantGroup section */

/* Begin XCBuildConfiguration section */
		136ACB762A92A8FB0031E598 /* Debug */ = {
			isa = XCBuildConfiguration;
			buildSettings = {
				ALWAYS_SEARCH_USER_PATHS = NO;
				CLANG_ANALYZER_NONNULL = YES;
				CLANG_ANALYZER_NUMBER_OBJECT_CONVERSION = YES_AGGRESSIVE;
				CLANG_CXX_LANGUAGE_STANDARD = "gnu++20";
				CLANG_ENABLE_MODULES = YES;
				CLANG_ENABLE_OBJC_ARC = YES;
				CLANG_ENABLE_OBJC_WEAK = YES;
				CLANG_WARN_BLOCK_CAPTURE_AUTORELEASING = YES;
				CLANG_WARN_BOOL_CONVERSION = YES;
				CLANG_WARN_COMMA = YES;
				CLANG_WARN_CONSTANT_CONVERSION = YES;
				CLANG_WARN_DEPRECATED_OBJC_IMPLEMENTATIONS = YES;
				CLANG_WARN_DIRECT_OBJC_ISA_USAGE = YES_ERROR;
				CLANG_WARN_DOCUMENTATION_COMMENTS = YES;
				CLANG_WARN_EMPTY_BODY = YES;
				CLANG_WARN_ENUM_CONVERSION = YES;
				CLANG_WARN_INFINITE_RECURSION = YES;
				CLANG_WARN_INT_CONVERSION = YES;
				CLANG_WARN_NON_LITERAL_NULL_CONVERSION = YES;
				CLANG_WARN_OBJC_IMPLICIT_RETAIN_SELF = YES;
				CLANG_WARN_OBJC_LITERAL_CONVERSION = YES;
				CLANG_WARN_OBJC_ROOT_CLASS = YES_ERROR;
				CLANG_WARN_QUOTED_INCLUDE_IN_FRAMEWORK_HEADER = YES;
				CLANG_WARN_RANGE_LOOP_ANALYSIS = YES;
				CLANG_WARN_STRICT_PROTOTYPES = YES;
				CLANG_WARN_SUSPICIOUS_MOVE = YES;
				CLANG_WARN_UNGUARDED_AVAILABILITY = YES_AGGRESSIVE;
				CLANG_WARN_UNREACHABLE_CODE = YES;
				CLANG_WARN__DUPLICATE_METHOD_MATCH = YES;
				COPY_PHASE_STRIP = NO;
				DEBUG_INFORMATION_FORMAT = dwarf;
				ENABLE_STRICT_OBJC_MSGSEND = YES;
				ENABLE_TESTABILITY = YES;
				GCC_C_LANGUAGE_STANDARD = gnu11;
				GCC_DYNAMIC_NO_PIC = NO;
				GCC_NO_COMMON_BLOCKS = YES;
				GCC_OPTIMIZATION_LEVEL = 0;
				GCC_PREPROCESSOR_DEFINITIONS = (
					"DEBUG=1",
					"$(inherited)",
				);
				GCC_WARN_64_TO_32_BIT_CONVERSION = YES;
				GCC_WARN_ABOUT_RETURN_TYPE = YES_ERROR;
				GCC_WARN_UNDECLARED_SELECTOR = YES;
				GCC_WARN_UNINITIALIZED_AUTOS = YES_AGGRESSIVE;
				GCC_WARN_UNUSED_FUNCTION = YES;
				GCC_WARN_UNUSED_VARIABLE = YES;
				IPHONEOS_DEPLOYMENT_TARGET = 16.4;
				MTL_ENABLE_DEBUG_INFO = INCLUDE_SOURCE;
				MTL_FAST_MATH = YES;
				ONLY_ACTIVE_ARCH = YES;
				SDKROOT = iphoneos;
				SWIFT_ACTIVE_COMPILATION_CONDITIONS = DEBUG;
				SWIFT_OPTIMIZATION_LEVEL = "-Onone";
			};
			name = Debug;
		};
		136ACB772A92A8FB0031E598 /* Release */ = {
			isa = XCBuildConfiguration;
			buildSettings = {
				ALWAYS_SEARCH_USER_PATHS = NO;
				CLANG_ANALYZER_NONNULL = YES;
				CLANG_ANALYZER_NUMBER_OBJECT_CONVERSION = YES_AGGRESSIVE;
				CLANG_CXX_LANGUAGE_STANDARD = "gnu++20";
				CLANG_ENABLE_MODULES = YES;
				CLANG_ENABLE_OBJC_ARC = YES;
				CLANG_ENABLE_OBJC_WEAK = YES;
				CLANG_WARN_BLOCK_CAPTURE_AUTORELEASING = YES;
				CLANG_WARN_BOOL_CONVERSION = YES;
				CLANG_WARN_COMMA = YES;
				CLANG_WARN_CONSTANT_CONVERSION = YES;
				CLANG_WARN_DEPRECATED_OBJC_IMPLEMENTATIONS = YES;
				CLANG_WARN_DIRECT_OBJC_ISA_USAGE = YES_ERROR;
				CLANG_WARN_DOCUMENTATION_COMMENTS = YES;
				CLANG_WARN_EMPTY_BODY = YES;
				CLANG_WARN_ENUM_CONVERSION = YES;
				CLANG_WARN_INFINITE_RECURSION = YES;
				CLANG_WARN_INT_CONVERSION = YES;
				CLANG_WARN_NON_LITERAL_NULL_CONVERSION = YES;
				CLANG_WARN_OBJC_IMPLICIT_RETAIN_SELF = YES;
				CLANG_WARN_OBJC_LITERAL_CONVERSION = YES;
				CLANG_WARN_OBJC_ROOT_CLASS = YES_ERROR;
				CLANG_WARN_QUOTED_INCLUDE_IN_FRAMEWORK_HEADER = YES;
				CLANG_WARN_RANGE_LOOP_ANALYSIS = YES;
				CLANG_WARN_STRICT_PROTOTYPES = YES;
				CLANG_WARN_SUSPICIOUS_MOVE = YES;
				CLANG_WARN_UNGUARDED_AVAILABILITY = YES_AGGRESSIVE;
				CLANG_WARN_UNREACHABLE_CODE = YES;
				CLANG_WARN__DUPLICATE_METHOD_MATCH = YES;
				COPY_PHASE_STRIP = NO;
				DEBUG_INFORMATION_FORMAT = "dwarf-with-dsym";
				ENABLE_NS_ASSERTIONS = NO;
				ENABLE_STRICT_OBJC_MSGSEND = YES;
				GCC_C_LANGUAGE_STANDARD = gnu11;
				GCC_NO_COMMON_BLOCKS = YES;
				GCC_WARN_64_TO_32_BIT_CONVERSION = YES;
				GCC_WARN_ABOUT_RETURN_TYPE = YES_ERROR;
				GCC_WARN_UNDECLARED_SELECTOR = YES;
				GCC_WARN_UNINITIALIZED_AUTOS = YES_AGGRESSIVE;
				GCC_WARN_UNUSED_FUNCTION = YES;
				GCC_WARN_UNUSED_VARIABLE = YES;
				IPHONEOS_DEPLOYMENT_TARGET = 16.4;
				MTL_ENABLE_DEBUG_INFO = NO;
				MTL_FAST_MATH = YES;
				SDKROOT = iphoneos;
				SWIFT_COMPILATION_MODE = wholemodule;
				SWIFT_OPTIMIZATION_LEVEL = "-O";
				VALIDATE_PRODUCT = YES;
			};
			name = Release;
		};
		136ACB792A92A8FB0031E598 /* Debug */ = {
			isa = XCBuildConfiguration;
			buildSettings = {
				ASSETCATALOG_COMPILER_APPICON_NAME = AppIcon;
				ASSETCATALOG_COMPILER_GLOBAL_ACCENT_COLOR_NAME = AccentColor;
				CODE_SIGN_STYLE = Automatic;
				CURRENT_PROJECT_VERSION = 1;
				DEVELOPMENT_TEAM = TWSUZ65Z8U;
				GENERATE_INFOPLIST_FILE = YES;
				INFOPLIST_FILE = HW14NavigationApp/Info.plist;
				INFOPLIST_KEY_UIApplicationSupportsIndirectInputEvents = YES;
				INFOPLIST_KEY_UILaunchStoryboardName = LaunchScreen;
				INFOPLIST_KEY_UIMainStoryboardFile = Main;
				INFOPLIST_KEY_UISupportedInterfaceOrientations_iPad = "UIInterfaceOrientationPortrait UIInterfaceOrientationPortraitUpsideDown UIInterfaceOrientationLandscapeLeft UIInterfaceOrientationLandscapeRight";
				INFOPLIST_KEY_UISupportedInterfaceOrientations_iPhone = "UIInterfaceOrientationPortrait UIInterfaceOrientationLandscapeLeft UIInterfaceOrientationLandscapeRight";
				LD_RUNPATH_SEARCH_PATHS = (
					"$(inherited)",
					"@executable_path/Frameworks",
				);
				MARKETING_VERSION = 1.0;
				PRODUCT_BUNDLE_IDENTIFIER = "-.HW14NavigationApp";
				PRODUCT_NAME = "$(TARGET_NAME)";
				SWIFT_EMIT_LOC_STRINGS = YES;
				SWIFT_VERSION = 5.0;
				TARGETED_DEVICE_FAMILY = "1,2";
			};
			name = Debug;
		};
		136ACB7A2A92A8FB0031E598 /* Release */ = {
			isa = XCBuildConfiguration;
			buildSettings = {
				ASSETCATALOG_COMPILER_APPICON_NAME = AppIcon;
				ASSETCATALOG_COMPILER_GLOBAL_ACCENT_COLOR_NAME = AccentColor;
				CODE_SIGN_STYLE = Automatic;
				CURRENT_PROJECT_VERSION = 1;
				DEVELOPMENT_TEAM = TWSUZ65Z8U;
				GENERATE_INFOPLIST_FILE = YES;
				INFOPLIST_FILE = HW14NavigationApp/Info.plist;
				INFOPLIST_KEY_UIApplicationSupportsIndirectInputEvents = YES;
				INFOPLIST_KEY_UILaunchStoryboardName = LaunchScreen;
				INFOPLIST_KEY_UIMainStoryboardFile = Main;
				INFOPLIST_KEY_UISupportedInterfaceOrientations_iPad = "UIInterfaceOrientationPortrait UIInterfaceOrientationPortraitUpsideDown UIInterfaceOrientationLandscapeLeft UIInterfaceOrientationLandscapeRight";
				INFOPLIST_KEY_UISupportedInterfaceOrientations_iPhone = "UIInterfaceOrientationPortrait UIInterfaceOrientationLandscapeLeft UIInterfaceOrientationLandscapeRight";
				LD_RUNPATH_SEARCH_PATHS = (
					"$(inherited)",
					"@executable_path/Frameworks",
				);
				MARKETING_VERSION = 1.0;
				PRODUCT_BUNDLE_IDENTIFIER = "-.HW14NavigationApp";
				PRODUCT_NAME = "$(TARGET_NAME)";
				SWIFT_EMIT_LOC_STRINGS = YES;
				SWIFT_VERSION = 5.0;
				TARGETED_DEVICE_FAMILY = "1,2";
			};
			name = Release;
		};
/* End XCBuildConfiguration section */

/* Begin XCConfigurationList section */
		136ACB5F2A92A8FA0031E598 /* Build configuration list for PBXProject "HW14NavigationApp" */ = {
			isa = XCConfigurationList;
			buildConfigurations = (
				136ACB762A92A8FB0031E598 /* Debug */,
				136ACB772A92A8FB0031E598 /* Release */,
			);
			defaultConfigurationIsVisible = 0;
			defaultConfigurationName = Release;
		};
		136ACB782A92A8FB0031E598 /* Build configuration list for PBXNativeTarget "HW14NavigationApp" */ = {
			isa = XCConfigurationList;
			buildConfigurations = (
				136ACB792A92A8FB0031E598 /* Debug */,
				136ACB7A2A92A8FB0031E598 /* Release */,
			);
			defaultConfigurationIsVisible = 0;
			defaultConfigurationName = Release;
		};
/* End XCConfigurationList section */
	};
	rootObject = 136ACB5C2A92A8FA0031E598 /* Project object */;
}
